// !$*UTF8*$!
{
	archiveVersion = 1;
	classes = {
	};
	objectVersion = 50;
	objects = {

/* Begin PBXBuildFile section */
		16FFD7C72145834300216FEE /* AppDelegate.swift in Sources */ = {isa = PBXBuildFile; fileRef = 16FFD7C62145834300216FEE /* AppDelegate.swift */; };
		16FFD7CC2145834300216FEE /* Main.storyboard in Resources */ = {isa = PBXBuildFile; fileRef = 16FFD7CA2145834300216FEE /* Main.storyboard */; };
		16FFD7CE2145834300216FEE /* Assets.xcassets in Resources */ = {isa = PBXBuildFile; fileRef = 16FFD7CD2145834300216FEE /* Assets.xcassets */; };
		16FFD7D12145834300216FEE /* LaunchScreen.storyboard in Resources */ = {isa = PBXBuildFile; fileRef = 16FFD7CF2145834300216FEE /* LaunchScreen.storyboard */; };
		16FFD7DC2145834300216FEE /* FlixAppTests.swift in Sources */ = {isa = PBXBuildFile; fileRef = 16FFD7DB2145834300216FEE /* FlixAppTests.swift */; };
		16FFD7E72145834400216FEE /* FlixAppUITests.swift in Sources */ = {isa = PBXBuildFile; fileRef = 16FFD7E62145834400216FEE /* FlixAppUITests.swift */; };
		16FFD7F52145847100216FEE /* FlixAppMain.swift in Sources */ = {isa = PBXBuildFile; fileRef = 16FFD7F42145847100216FEE /* FlixAppMain.swift */; };
		16FFD7F72146233800216FEE /* MovieCell.swift in Sources */ = {isa = PBXBuildFile; fileRef = 16FFD7F62146233800216FEE /* MovieCell.swift */; };
/* End PBXBuildFile section */

/* Begin PBXContainerItemProxy section */
		16FFD7D82145834300216FEE /* PBXContainerItemProxy */ = {
			isa = PBXContainerItemProxy;
			containerPortal = 16FFD7BB2145834300216FEE /* Project object */;
			proxyType = 1;
			remoteGlobalIDString = 16FFD7C22145834300216FEE;
			remoteInfo = FlixApp;
		};
		16FFD7E32145834400216FEE /* PBXContainerItemProxy */ = {
			isa = PBXContainerItemProxy;
			containerPortal = 16FFD7BB2145834300216FEE /* Project object */;
			proxyType = 1;
			remoteGlobalIDString = 16FFD7C22145834300216FEE;
			remoteInfo = FlixApp;
		};
/* End PBXContainerItemProxy section */

/* Begin PBXFileReference section */
		16FFD7C32145834300216FEE /* FlixApp.app */ = {isa = PBXFileReference; explicitFileType = wrapper.application; includeInIndex = 0; path = FlixApp.app; sourceTree = BUILT_PRODUCTS_DIR; };
		16FFD7C62145834300216FEE /* AppDelegate.swift */ = {isa = PBXFileReference; lastKnownFileType = sourcecode.swift; path = AppDelegate.swift; sourceTree = "<group>"; };
		16FFD7CB2145834300216FEE /* Base */ = {isa = PBXFileReference; lastKnownFileType = file.storyboard; name = Base; path = Base.lproj/Main.storyboard; sourceTree = "<group>"; };
		16FFD7CD2145834300216FEE /* Assets.xcassets */ = {isa = PBXFileReference; lastKnownFileType = folder.assetcatalog; path = Assets.xcassets; sourceTree = "<group>"; };
		16FFD7D02145834300216FEE /* Base */ = {isa = PBXFileReference; lastKnownFileType = file.storyboard; name = Base; path = Base.lproj/LaunchScreen.storyboard; sourceTree = "<group>"; };
		16FFD7D22145834300216FEE /* Info.plist */ = {isa = PBXFileReference; lastKnownFileType = text.plist.xml; path = Info.plist; sourceTree = "<group>"; };
		16FFD7D72145834300216FEE /* FlixAppTests.xctest */ = {isa = PBXFileReference; explicitFileType = wrapper.cfbundle; includeInIndex = 0; path = FlixAppTests.xctest; sourceTree = BUILT_PRODUCTS_DIR; };
		16FFD7DB2145834300216FEE /* FlixAppTests.swift */ = {isa = PBXFileReference; lastKnownFileType = sourcecode.swift; path = FlixAppTests.swift; sourceTree = "<group>"; };
		16FFD7DD2145834300216FEE /* Info.plist */ = {isa = PBXFileReference; lastKnownFileType = text.plist.xml; path = Info.plist; sourceTree = "<group>"; };
		16FFD7E22145834400216FEE /* FlixAppUITests.xctest */ = {isa = PBXFileReference; explicitFileType = wrapper.cfbundle; includeInIndex = 0; path = FlixAppUITests.xctest; sourceTree = BUILT_PRODUCTS_DIR; };
		16FFD7E62145834400216FEE /* FlixAppUITests.swift */ = {isa = PBXFileReference; lastKnownFileType = sourcecode.swift; path = FlixAppUITests.swift; sourceTree = "<group>"; };
		16FFD7E82145834400216FEE /* Info.plist */ = {isa = PBXFileReference; lastKnownFileType = text.plist.xml; path = Info.plist; sourceTree = "<group>"; };
		16FFD7F42145847100216FEE /* FlixAppMain.swift */ = {isa = PBXFileReference; lastKnownFileType = sourcecode.swift; path = FlixAppMain.swift; sourceTree = "<group>"; };
		16FFD7F62146233800216FEE /* MovieCell.swift */ = {isa = PBXFileReference; lastKnownFileType = sourcecode.swift; path = MovieCell.swift; sourceTree = "<group>"; };
/* End PBXFileReference section */

/* Begin PBXFrameworksBuildPhase section */
		16FFD7C02145834300216FEE /* Frameworks */ = {
			isa = PBXFrameworksBuildPhase;
			buildActionMask = 2147483647;
			files = (
			);
			runOnlyForDeploymentPostprocessing = 0;
		};
		16FFD7D42145834300216FEE /* Frameworks */ = {
			isa = PBXFrameworksBuildPhase;
			buildActionMask = 2147483647;
			files = (
			);
			runOnlyForDeploymentPostprocessing = 0;
		};
		16FFD7DF2145834400216FEE /* Frameworks */ = {
			isa = PBXFrameworksBuildPhase;
			buildActionMask = 2147483647;
			files = (
			);
			runOnlyForDeploymentPostprocessing = 0;
		};
/* End PBXFrameworksBuildPhase section */

/* Begin PBXGroup section */
		16FFD7BA2145834300216FEE = {
			isa = PBXGroup;
			children = (
				16FFD7C52145834300216FEE /* FlixApp */,
				16FFD7DA2145834300216FEE /* FlixAppTests */,
				16FFD7E52145834400216FEE /* FlixAppUITests */,
				16FFD7C42145834300216FEE /* Products */,
			);
			sourceTree = "<group>";
		};
		16FFD7C42145834300216FEE /* Products */ = {
			isa = PBXGroup;
			children = (
				16FFD7C32145834300216FEE /* FlixApp.app */,
				16FFD7D72145834300216FEE /* FlixAppTests.xctest */,
				16FFD7E22145834400216FEE /* FlixAppUITests.xctest */,
			);
			name = Products;
			sourceTree = "<group>";
		};
		16FFD7C52145834300216FEE /* FlixApp */ = {
			isa = PBXGroup;
			children = (
				16FFD7F42145847100216FEE /* FlixAppMain.swift */,
				16FFD7C62145834300216FEE /* AppDelegate.swift */,
				16FFD7CA2145834300216FEE /* Main.storyboard */,
				16FFD7CD2145834300216FEE /* Assets.xcassets */,
				16FFD7CF2145834300216FEE /* LaunchScreen.storyboard */,
				16FFD7D22145834300216FEE /* Info.plist */,
				16FFD7F62146233800216FEE /* MovieCell.swift */,
			);
			path = FlixApp;
			sourceTree = "<group>";
		};
		16FFD7DA2145834300216FEE /* FlixAppTests */ = {
			isa = PBXGroup;
			children = (
				16FFD7DB2145834300216FEE /* FlixAppTests.swift */,
				16FFD7DD2145834300216FEE /* Info.plist */,
			);
			path = FlixAppTests;
			sourceTree = "<group>";
		};
		16FFD7E52145834400216FEE /* FlixAppUITests */ = {
			isa = PBXGroup;
			children = (
				16FFD7E62145834400216FEE /* FlixAppUITests.swift */,
				16FFD7E82145834400216FEE /* Info.plist */,
			);
			path = FlixAppUITests;
			sourceTree = "<group>";
		};
/* End PBXGroup section */

/* Begin PBXNativeTarget section */
		16FFD7C22145834300216FEE /* FlixApp */ = {
			isa = PBXNativeTarget;
			buildConfigurationList = 16FFD7EB2145834400216FEE /* Build configuration list for PBXNativeTarget "FlixApp" */;
			buildPhases = (
				16FFD7BF2145834300216FEE /* Sources */,
				16FFD7C02145834300216FEE /* Frameworks */,
				16FFD7C12145834300216FEE /* Resources */,
			);
			buildRules = (
			);
			dependencies = (
			);
			name = FlixApp;
			productName = FlixApp;
			productReference = 16FFD7C32145834300216FEE /* FlixApp.app */;
			productType = "com.apple.product-type.application";
		};
		16FFD7D62145834300216FEE /* FlixAppTests */ = {
			isa = PBXNativeTarget;
			buildConfigurationList = 16FFD7EE2145834400216FEE /* Build configuration list for PBXNativeTarget "FlixAppTests" */;
			buildPhases = (
				16FFD7D32145834300216FEE /* Sources */,
				16FFD7D42145834300216FEE /* Frameworks */,
				16FFD7D52145834300216FEE /* Resources */,
			);
			buildRules = (
			);
			dependencies = (
				16FFD7D92145834300216FEE /* PBXTargetDependency */,
			);
			name = FlixAppTests;
			productName = FlixAppTests;
			productReference = 16FFD7D72145834300216FEE /* FlixAppTests.xctest */;
			productType = "com.apple.product-type.bundle.unit-test";
		};
		16FFD7E12145834400216FEE /* FlixAppUITests */ = {
			isa = PBXNativeTarget;
			buildConfigurationList = 16FFD7F12145834400216FEE /* Build configuration list for PBXNativeTarget "FlixAppUITests" */;
			buildPhases = (
				16FFD7DE2145834400216FEE /* Sources */,
				16FFD7DF2145834400216FEE /* Frameworks */,
				16FFD7E02145834400216FEE /* Resources */,
			);
			buildRules = (
			);
			dependencies = (
				16FFD7E42145834400216FEE /* PBXTargetDependency */,
			);
			name = FlixAppUITests;
			productName = FlixAppUITests;
			productReference = 16FFD7E22145834400216FEE /* FlixAppUITests.xctest */;
			productType = "com.apple.product-type.bundle.ui-testing";
		};
/* End PBXNativeTarget section */

/* Begin PBXProject section */
		16FFD7BB2145834300216FEE /* Project object */ = {
			isa = PBXProject;
			attributes = {
				LastSwiftUpdateCheck = 0940;
				LastUpgradeCheck = 0940;
				ORGANIZATIONNAME = "Xiaoyi Liu";
				TargetAttributes = {
					16FFD7C22145834300216FEE = {
						CreatedOnToolsVersion = 9.4.1;
					};
					16FFD7D62145834300216FEE = {
						CreatedOnToolsVersion = 9.4.1;
						TestTargetID = 16FFD7C22145834300216FEE;
					};
					16FFD7E12145834400216FEE = {
						CreatedOnToolsVersion = 9.4.1;
						TestTargetID = 16FFD7C22145834300216FEE;
					};
				};
			};
			buildConfigurationList = 16FFD7BE2145834300216FEE /* Build configuration list for PBXProject "FlixApp" */;
			compatibilityVersion = "Xcode 9.3";
			developmentRegion = en;
			hasScannedForEncodings = 0;
			knownRegions = (
				en,
				Base,
			);
			mainGroup = 16FFD7BA2145834300216FEE;
			productRefGroup = 16FFD7C42145834300216FEE /* Products */;
			projectDirPath = "";
			projectRoot = "";
			targets = (
				16FFD7C22145834300216FEE /* FlixApp */,
				16FFD7D62145834300216FEE /* FlixAppTests */,
				16FFD7E12145834400216FEE /* FlixAppUITests */,
			);
		};
/* End PBXProject section */

/* Begin PBXResourcesBuildPhase section */
		16FFD7C12145834300216FEE /* Resources */ = {
			isa = PBXResourcesBuildPhase;
			buildActionMask = 2147483647;
			files = (
				16FFD7D12145834300216FEE /* LaunchScreen.storyboard in Resources */,
				16FFD7CE2145834300216FEE /* Assets.xcassets in Resources */,
				16FFD7CC2145834300216FEE /* Main.storyboard in Resources */,
			);
			runOnlyForDeploymentPostprocessing = 0;
		};
		16FFD7D52145834300216FEE /* Resources */ = {
			isa = PBXResourcesBuildPhase;
			buildActionMask = 2147483647;
			files = (
			);
			runOnlyForDeploymentPostprocessing = 0;
		};
		16FFD7E02145834400216FEE /* Resources */ = {
			isa = PBXResourcesBuildPhase;
			buildActionMask = 2147483647;
			files = (
			);
			runOnlyForDeploymentPostprocessing = 0;
		};
/* End PBXResourcesBuildPhase section */

/* Begin PBXSourcesBuildPhase section */
		16FFD7BF2145834300216FEE /* Sources */ = {
			isa = PBXSourcesBuildPhase;
			buildActionMask = 2147483647;
			files = (
				16FFD7C72145834300216FEE /* AppDelegate.swift in Sources */,
				16FFD7F52145847100216FEE /* FlixAppMain.swift in Sources */,
				16FFD7F72146233800216FEE /* MovieCell.swift in Sources */,
			);
			runOnlyForDeploymentPostprocessing = 0;
		};
		16FFD7D32145834300216FEE /* Sources */ = {
			isa = PBXSourcesBuildPhase;
			buildActionMask = 2147483647;
			files = (
				16FFD7DC2145834300216FEE /* FlixAppTests.swift in Sources */,
			);
			runOnlyForDeploymentPostprocessing = 0;
		};
		16FFD7DE2145834400216FEE /* Sources */ = {
			isa = PBXSourcesBuildPhase;
			buildActionMask = 2147483647;
			files = (
				16FFD7E72145834400216FEE /* FlixAppUITests.swift in Sources */,
			);
			runOnlyForDeploymentPostprocessing = 0;
		};
/* End PBXSourcesBuildPhase section */

/* Begin PBXTargetDependency section */
		16FFD7D92145834300216FEE /* PBXTargetDependency */ = {
			isa = PBXTargetDependency;
			target = 16FFD7C22145834300216FEE /* FlixApp */;
			targetProxy = 16FFD7D82145834300216FEE /* PBXContainerItemProxy */;
		};
		16FFD7E42145834400216FEE /* PBXTargetDependency */ = {
			isa = PBXTargetDependency;
			target = 16FFD7C22145834300216FEE /* FlixApp */;
			targetProxy = 16FFD7E32145834400216FEE /* PBXContainerItemProxy */;
		};
/* End PBXTargetDependency section */

/* Begin PBXVariantGroup section */
		16FFD7CA2145834300216FEE /* Main.storyboard */ = {
			isa = PBXVariantGroup;
			children = (
				16FFD7CB2145834300216FEE /* Base */,
			);
			name = Main.storyboard;
			sourceTree = "<group>";
		};
		16FFD7CF2145834300216FEE /* LaunchScreen.storyboard */ = {
			isa = PBXVariantGroup;
			children = (
				16FFD7D02145834300216FEE /* Base */,
			);
			name = LaunchScreen.storyboard;
			sourceTree = "<group>";
		};
/* End PBXVariantGroup section */

/* Begin XCBuildConfiguration section */
		16FFD7E92145834400216FEE /* Debug */ = {
			isa = XCBuildConfiguration;
			buildSettings = {
				ALWAYS_SEARCH_USER_PATHS = NO;
				CLANG_ANALYZER_NONNULL = YES;
				CLANG_ANALYZER_NUMBER_OBJECT_CONVERSION = YES_AGGRESSIVE;
				CLANG_CXX_LANGUAGE_STANDARD = "gnu++14";
				CLANG_CXX_LIBRARY = "libc++";
				CLANG_ENABLE_MODULES = YES;
				CLANG_ENABLE_OBJC_ARC = YES;
				CLANG_ENABLE_OBJC_WEAK = YES;
				CLANG_WARN_BLOCK_CAPTURE_AUTORELEASING = YES;
				CLANG_WARN_BOOL_CONVERSION = YES;
				CLANG_WARN_COMMA = YES;
				CLANG_WARN_CONSTANT_CONVERSION = YES;
				CLANG_WARN_DEPRECATED_OBJC_IMPLEMENTATIONS = YES;
				CLANG_WARN_DIRECT_OBJC_ISA_USAGE = YES_ERROR;
				CLANG_WARN_DOCUMENTATION_COMMENTS = YES;
				CLANG_WARN_EMPTY_BODY = YES;
				CLANG_WARN_ENUM_CONVERSION = YES;
				CLANG_WARN_INFINITE_RECURSION = YES;
				CLANG_WARN_INT_CONVERSION = YES;
				CLANG_WARN_NON_LITERAL_NULL_CONVERSION = YES;
				CLANG_WARN_OBJC_IMPLICIT_RETAIN_SELF = YES;
				CLANG_WARN_OBJC_LITERAL_CONVERSION = YES;
				CLANG_WARN_OBJC_ROOT_CLASS = YES_ERROR;
				CLANG_WARN_RANGE_LOOP_ANALYSIS = YES;
				CLANG_WARN_STRICT_PROTOTYPES = YES;
				CLANG_WARN_SUSPICIOUS_MOVE = YES;
				CLANG_WARN_UNGUARDED_AVAILABILITY = YES_AGGRESSIVE;
				CLANG_WARN_UNREACHABLE_CODE = YES;
				CLANG_WARN__DUPLICATE_METHOD_MATCH = YES;
				CODE_SIGN_IDENTITY = "iPhone Developer";
				COPY_PHASE_STRIP = NO;
				DEBUG_INFORMATION_FORMAT = dwarf;
				ENABLE_STRICT_OBJC_MSGSEND = YES;
				ENABLE_TESTABILITY = YES;
				GCC_C_LANGUAGE_STANDARD = gnu11;
				GCC_DYNAMIC_NO_PIC = NO;
				GCC_NO_COMMON_BLOCKS = YES;
				GCC_OPTIMIZATION_LEVEL = 0;
				GCC_PREPROCESSOR_DEFINITIONS = (
					"DEBUG=1",
					"$(inherited)",
				);
				GCC_WARN_64_TO_32_BIT_CONVERSION = YES;
				GCC_WARN_ABOUT_RETURN_TYPE = YES_ERROR;
				GCC_WARN_UNDECLARED_SELECTOR = YES;
				GCC_WARN_UNINITIALIZED_AUTOS = YES_AGGRESSIVE;
				GCC_WARN_UNUSED_FUNCTION = YES;
				GCC_WARN_UNUSED_VARIABLE = YES;
				IPHONEOS_DEPLOYMENT_TARGET = 11.4;
				MTL_ENABLE_DEBUG_INFO = YES;
				ONLY_ACTIVE_ARCH = YES;
				SDKROOT = iphoneos;
				SWIFT_ACTIVE_COMPILATION_CONDITIONS = DEBUG;
				SWIFT_OPTIMIZATION_LEVEL = "-Onone";
			};
			name = Debug;
		};
		16FFD7EA2145834400216FEE /* Release */ = {
			isa = XCBuildConfiguration;
			buildSettings = {
				ALWAYS_SEARCH_USER_PATHS = NO;
				CLANG_ANALYZER_NONNULL = YES;
				CLANG_ANALYZER_NUMBER_OBJECT_CONVERSION = YES_AGGRESSIVE;
				CLANG_CXX_LANGUAGE_STANDARD = "gnu++14";
				CLANG_CXX_LIBRARY = "libc++";
				CLANG_ENABLE_MODULES = YES;
				CLANG_ENABLE_OBJC_ARC = YES;
				CLANG_ENABLE_OBJC_WEAK = YES;
				CLANG_WARN_BLOCK_CAPTURE_AUTORELEASING = YES;
				CLANG_WARN_BOOL_CONVERSION = YES;
				CLANG_WARN_COMMA = YES;
				CLANG_WARN_CONSTANT_CONVERSION = YES;
				CLANG_WARN_DEPRECATED_OBJC_IMPLEMENTATIONS = YES;
				CLANG_WARN_DIRECT_OBJC_ISA_USAGE = YES_ERROR;
				CLANG_WARN_DOCUMENTATION_COMMENTS = YES;
				CLANG_WARN_EMPTY_BODY = YES;
				CLANG_WARN_ENUM_CONVERSION = YES;
				CLANG_WARN_INFINITE_RECURSION = YES;
				CLANG_WARN_INT_CONVERSION = YES;
				CLANG_WARN_NON_LITERAL_NULL_CONVERSION = YES;
				CLANG_WARN_OBJC_IMPLICIT_RETAIN_SELF = YES;
				CLANG_WARN_OBJC_LITERAL_CONVERSION = YES;
				CLANG_WARN_OBJC_ROOT_CLASS = YES_ERROR;
				CLANG_WARN_RANGE_LOOP_ANALYSIS = YES;
				CLANG_WARN_STRICT_PROTOTYPES = YES;
				CLANG_WARN_SUSPICIOUS_MOVE = YES;
				CLANG_WARN_UNGUARDED_AVAILABILITY = YES_AGGRESSIVE;
				CLANG_WARN_UNREACHABLE_CODE = YES;
				CLANG_WARN__DUPLICATE_METHOD_MATCH = YES;
				CODE_SIGN_IDENTITY = "iPhone Developer";
				COPY_PHASE_STRIP = NO;
				DEBUG_INFORMATION_FORMAT = "dwarf-with-dsym";
				ENABLE_NS_ASSERTIONS = NO;
				ENABLE_STRICT_OBJC_MSGSEND = YES;
				GCC_C_LANGUAGE_STANDARD = gnu11;
				GCC_NO_COMMON_BLOCKS = YES;
				GCC_WARN_64_TO_32_BIT_CONVERSION = YES;
				GCC_WARN_ABOUT_RETURN_TYPE = YES_ERROR;
				GCC_WARN_UNDECLARED_SELECTOR = YES;
				GCC_WARN_UNINITIALIZED_AUTOS = YES_AGGRESSIVE;
				GCC_WARN_UNUSED_FUNCTION = YES;
				GCC_WARN_UNUSED_VARIABLE = YES;
				IPHONEOS_DEPLOYMENT_TARGET = 11.4;
				MTL_ENABLE_DEBUG_INFO = NO;
				SDKROOT = iphoneos;
				SWIFT_COMPILATION_MODE = wholemodule;
				SWIFT_OPTIMIZATION_LEVEL = "-O";
				VALIDATE_PRODUCT = YES;
			};
			name = Release;
		};
		16FFD7EC2145834400216FEE /* Debug */ = {
			isa = XCBuildConfiguration;
			buildSettings = {
				ASSETCATALOG_COMPILER_APPICON_NAME = AppIcon;
				CODE_SIGN_STYLE = Automatic;
				INFOPLIST_FILE = FlixApp/Info.plist;
				LD_RUNPATH_SEARCH_PATHS = (
					"$(inherited)",
					"@executable_path/Frameworks",
				);
				PRODUCT_BUNDLE_IDENTIFIER = bin.FlixApp;
				PRODUCT_NAME = "$(TARGET_NAME)";
				SWIFT_VERSION = 4.0;
				TARGETED_DEVICE_FAMILY = "1,2";
			};
			name = Debug;
		};
		16FFD7ED2145834400216FEE /* Release */ = {
			isa = XCBuildConfiguration;
			buildSettings = {
				ASSETCATALOG_COMPILER_APPICON_NAME = AppIcon;
				CODE_SIGN_STYLE = Automatic;
				INFOPLIST_FILE = FlixApp/Info.plist;
				LD_RUNPATH_SEARCH_PATHS = (
					"$(inherited)",
					"@executable_path/Frameworks",
				);
				PRODUCT_BUNDLE_IDENTIFIER = bin.FlixApp;
				PRODUCT_NAME = "$(TARGET_NAME)";
				SWIFT_VERSION = 4.0;
				TARGETED_DEVICE_FAMILY = "1,2";
			};
			name = Release;
		};
		16FFD7EF2145834400216FEE /* Debug */ = {
			isa = XCBuildConfiguration;
			buildSettings = {
				ALWAYS_EMBED_SWIFT_STANDARD_LIBRARIES = YES;
				BUNDLE_LOADER = "$(TEST_HOST)";
				CODE_SIGN_STYLE = Automatic;
				INFOPLIST_FILE = FlixAppTests/Info.plist;
				LD_RUNPATH_SEARCH_PATHS = (
					"$(inherited)",
					"@executable_path/Frameworks",
					"@loader_path/Frameworks",
				);
				PRODUCT_BUNDLE_IDENTIFIER = bin.FlixAppTests;
				PRODUCT_NAME = "$(TARGET_NAME)";
				SWIFT_VERSION = 4.0;
				TARGETED_DEVICE_FAMILY = "1,2";
				TEST_HOST = "$(BUILT_PRODUCTS_DIR)/FlixApp.app/FlixApp";
			};
			name = Debug;
		};
		16FFD7F02145834400216FEE /* Release */ = {
			isa = XCBuildConfiguration;
			buildSettings = {
				ALWAYS_EMBED_SWIFT_STANDARD_LIBRARIES = YES;
				BUNDLE_LOADER = "$(TEST_HOST)";
				CODE_SIGN_STYLE = Automatic;
				INFOPLIST_FILE = FlixAppTests/Info.plist;
				LD_RUNPATH_SEARCH_PATHS = (
					"$(inherited)",
					"@executable_path/Frameworks",
					"@loader_path/Frameworks",
				);
				PRODUCT_BUNDLE_IDENTIFIER = bin.FlixAppTests;
				PRODUCT_NAME = "$(TARGET_NAME)";
				SWIFT_VERSION = 4.0;
				TARGETED_DEVICE_FAMILY = "1,2";
				TEST_HOST = "$(BUILT_PRODUCTS_DIR)/FlixApp.app/FlixApp";
			};
			name = Release;
		};
		16FFD7F22145834400216FEE /* Debug */ = {
			isa = XCBuildConfiguration;
			buildSettings = {
				ALWAYS_EMBED_SWIFT_STANDARD_LIBRARIES = YES;
				CODE_SIGN_STYLE = Automatic;
				INFOPLIST_FILE = FlixAppUITests/Info.plist;
				LD_RUNPATH_SEARCH_PATHS = (
					"$(inherited)",
					"@executable_path/Frameworks",
					"@loader_path/Frameworks",
				);
				PRODUCT_BUNDLE_IDENTIFIER = bin.FlixAppUITests;
				PRODUCT_NAME = "$(TARGET_NAME)";
				SWIFT_VERSION = 4.0;
				TARGETED_DEVICE_FAMILY = "1,2";
				TEST_TARGET_NAME = FlixApp;
			};
			name = Debug;
		};
		16FFD7F32145834400216FEE /* Release */ = {
			isa = XCBuildConfiguration;
			buildSettings = {
				ALWAYS_EMBED_SWIFT_STANDARD_LIBRARIES = YES;
				CODE_SIGN_STYLE = Automatic;
				INFOPLIST_FILE = FlixAppUITests/Info.plist;
				LD_RUNPATH_SEARCH_PATHS = (
					"$(inherited)",
					"@executable_path/Frameworks",
					"@loader_path/Frameworks",
				);
				PRODUCT_BUNDLE_IDENTIFIER = bin.FlixAppUITests;
				PRODUCT_NAME = "$(TARGET_NAME)";
				SWIFT_VERSION = 4.0;
				TARGETED_DEVICE_FAMILY = "1,2";
				TEST_TARGET_NAME = FlixApp;
			};
			name = Release;
		};
/* End XCBuildConfiguration section */

/* Begin XCConfigurationList section */
		16FFD7BE2145834300216FEE /* Build configuration list for PBXProject "FlixApp" */ = {
			isa = XCConfigurationList;
			buildConfigurations = (
				16FFD7E92145834400216FEE /* Debug */,
				16FFD7EA2145834400216FEE /* Release */,
			);
			defaultConfigurationIsVisible = 0;
			defaultConfigurationName = Release;
		};
		16FFD7EB2145834400216FEE /* Build configuration list for PBXNativeTarget "FlixApp" */ = {
			isa = XCConfigurationList;
			buildConfigurations = (
				16FFD7EC2145834400216FEE /* Debug */,
				16FFD7ED2145834400216FEE /* Release */,
			);
			defaultConfigurationIsVisible = 0;
			defaultConfigurationName = Release;
		};
		16FFD7EE2145834400216FEE /* Build configuration list for PBXNativeTarget "FlixAppTests" */ = {
			isa = XCConfigurationList;
			buildConfigurations = (
				16FFD7EF2145834400216FEE /* Debug */,
				16FFD7F02145834400216FEE /* Release */,
			);
			defaultConfigurationIsVisible = 0;
			defaultConfigurationName = Release;
		};
		16FFD7F12145834400216FEE /* Build configuration list for PBXNativeTarget "FlixAppUITests" */ = {
			isa = XCConfigurationList;
			buildConfigurations = (
				16FFD7F22145834400216FEE /* Debug */,
				16FFD7F32145834400216FEE /* Release */,
			);
			defaultConfigurationIsVisible = 0;
			defaultConfigurationName = Release;
		};
/* End XCConfigurationList section */
	};
	rootObject = 16FFD7BB2145834300216FEE /* Project object */;
}
