// !$*UTF8*$!
{
	archiveVersion = 1;
	classes = {
	};
	objectVersion = 50;
	objects = {

/* Begin PBXBuildFile section */
		163C89DE21408FD0002B7667 /* AppDelegate.swift in Sources */ = {isa = PBXBuildFile; fileRef = 163C89DD21408FD0002B7667 /* AppDelegate.swift */; };
		163C89E021408FD0002B7667 /* ViewController.swift in Sources */ = {isa = PBXBuildFile; fileRef = 163C89DF21408FD0002B7667 /* ViewController.swift */; };
		163C89E321408FD0002B7667 /* Main.storyboard in Resources */ = {isa = PBXBuildFile; fileRef = 163C89E121408FD0002B7667 /* Main.storyboard */; };
		163C89E521408FD1002B7667 /* Assets.xcassets in Resources */ = {isa = PBXBuildFile; fileRef = 163C89E421408FD1002B7667 /* Assets.xcassets */; };
		163C89E821408FD1002B7667 /* LaunchScreen.storyboard in Resources */ = {isa = PBXBuildFile; fileRef = 163C89E621408FD1002B7667 /* LaunchScreen.storyboard */; };
		163C89F321408FD2002B7667 /* FlixTests.swift in Sources */ = {isa = PBXBuildFile; fileRef = 163C89F221408FD2002B7667 /* FlixTests.swift */; };
		163C89FE21408FD2002B7667 /* FlixUITests.swift in Sources */ = {isa = PBXBuildFile; fileRef = 163C89FD21408FD2002B7667 /* FlixUITests.swift */; };
/* End PBXBuildFile section */

/* Begin PBXContainerItemProxy section */
		163C89EF21408FD2002B7667 /* PBXContainerItemProxy */ = {
			isa = PBXContainerItemProxy;
			containerPortal = 163C89D221408FD0002B7667 /* Project object */;
			proxyType = 1;
			remoteGlobalIDString = 163C89D921408FD0002B7667;
			remoteInfo = Flix;
		};
		163C89FA21408FD2002B7667 /* PBXContainerItemProxy */ = {
			isa = PBXContainerItemProxy;
			containerPortal = 163C89D221408FD0002B7667 /* Project object */;
			proxyType = 1;
			remoteGlobalIDString = 163C89D921408FD0002B7667;
			remoteInfo = Flix;
		};
/* End PBXContainerItemProxy section */

/* Begin PBXFileReference section */
		163C89DA21408FD0002B7667 /* Flix.app */ = {isa = PBXFileReference; explicitFileType = wrapper.application; includeInIndex = 0; path = Flix.app; sourceTree = BUILT_PRODUCTS_DIR; };
		163C89DD21408FD0002B7667 /* AppDelegate.swift */ = {isa = PBXFileReference; lastKnownFileType = sourcecode.swift; path = AppDelegate.swift; sourceTree = "<group>"; };
		163C89DF21408FD0002B7667 /* ViewController.swift */ = {isa = PBXFileReference; lastKnownFileType = sourcecode.swift; path = ViewController.swift; sourceTree = "<group>"; };
		163C89E221408FD0002B7667 /* Base */ = {isa = PBXFileReference; lastKnownFileType = file.storyboard; name = Base; path = Base.lproj/Main.storyboard; sourceTree = "<group>"; };
		163C89E421408FD1002B7667 /* Assets.xcassets */ = {isa = PBXFileReference; lastKnownFileType = folder.assetcatalog; path = Assets.xcassets; sourceTree = "<group>"; };
		163C89E721408FD1002B7667 /* Base */ = {isa = PBXFileReference; lastKnownFileType = file.storyboard; name = Base; path = Base.lproj/LaunchScreen.storyboard; sourceTree = "<group>"; };
		163C89E921408FD1002B7667 /* Info.plist */ = {isa = PBXFileReference; lastKnownFileType = text.plist.xml; path = Info.plist; sourceTree = "<group>"; };
		163C89EE21408FD2002B7667 /* FlixTests.xctest */ = {isa = PBXFileReference; explicitFileType = wrapper.cfbundle; includeInIndex = 0; path = FlixTests.xctest; sourceTree = BUILT_PRODUCTS_DIR; };
		163C89F221408FD2002B7667 /* FlixTests.swift */ = {isa = PBXFileReference; lastKnownFileType = sourcecode.swift; path = FlixTests.swift; sourceTree = "<group>"; };
		163C89F421408FD2002B7667 /* Info.plist */ = {isa = PBXFileReference; lastKnownFileType = text.plist.xml; path = Info.plist; sourceTree = "<group>"; };
		163C89F921408FD2002B7667 /* FlixUITests.xctest */ = {isa = PBXFileReference; explicitFileType = wrapper.cfbundle; includeInIndex = 0; path = FlixUITests.xctest; sourceTree = BUILT_PRODUCTS_DIR; };
		163C89FD21408FD2002B7667 /* FlixUITests.swift */ = {isa = PBXFileReference; lastKnownFileType = sourcecode.swift; path = FlixUITests.swift; sourceTree = "<group>"; };
		163C89FF21408FD2002B7667 /* Info.plist */ = {isa = PBXFileReference; lastKnownFileType = text.plist.xml; path = Info.plist; sourceTree = "<group>"; };
/* End PBXFileReference section */

/* Begin PBXFrameworksBuildPhase section */
		163C89D721408FD0002B7667 /* Frameworks */ = {
			isa = PBXFrameworksBuildPhase;
			buildActionMask = 2147483647;
			files = (
			);
			runOnlyForDeploymentPostprocessing = 0;
		};
		163C89EB21408FD2002B7667 /* Frameworks */ = {
			isa = PBXFrameworksBuildPhase;
			buildActionMask = 2147483647;
			files = (
			);
			runOnlyForDeploymentPostprocessing = 0;
		};
		163C89F621408FD2002B7667 /* Frameworks */ = {
			isa = PBXFrameworksBuildPhase;
			buildActionMask = 2147483647;
			files = (
			);
			runOnlyForDeploymentPostprocessing = 0;
		};
/* End PBXFrameworksBuildPhase section */

/* Begin PBXGroup section */
		163C89D121408FD0002B7667 = {
			isa = PBXGroup;
			children = (
				163C89DC21408FD0002B7667 /* Flix */,
				163C89F121408FD2002B7667 /* FlixTests */,
				163C89FC21408FD2002B7667 /* FlixUITests */,
				163C89DB21408FD0002B7667 /* Products */,
			);
			sourceTree = "<group>";
		};
		163C89DB21408FD0002B7667 /* Products */ = {
			isa = PBXGroup;
			children = (
				163C89DA21408FD0002B7667 /* Flix.app */,
				163C89EE21408FD2002B7667 /* FlixTests.xctest */,
				163C89F921408FD2002B7667 /* FlixUITests.xctest */,
			);
			name = Products;
			sourceTree = "<group>";
		};
		163C89DC21408FD0002B7667 /* Flix */ = {
			isa = PBXGroup;
			children = (
				163C89DD21408FD0002B7667 /* AppDelegate.swift */,
				163C89DF21408FD0002B7667 /* ViewController.swift */,
				163C89E121408FD0002B7667 /* Main.storyboard */,
				163C89E421408FD1002B7667 /* Assets.xcassets */,
				163C89E621408FD1002B7667 /* LaunchScreen.storyboard */,
				163C89E921408FD1002B7667 /* Info.plist */,
			);
			path = Flix;
			sourceTree = "<group>";
		};
		163C89F121408FD2002B7667 /* FlixTests */ = {
			isa = PBXGroup;
			children = (
				163C89F221408FD2002B7667 /* FlixTests.swift */,
				163C89F421408FD2002B7667 /* Info.plist */,
			);
			path = FlixTests;
			sourceTree = "<group>";
		};
		163C89FC21408FD2002B7667 /* FlixUITests */ = {
			isa = PBXGroup;
			children = (
				163C89FD21408FD2002B7667 /* FlixUITests.swift */,
				163C89FF21408FD2002B7667 /* Info.plist */,
			);
			path = FlixUITests;
			sourceTree = "<group>";
		};
/* End PBXGroup section */

/* Begin PBXNativeTarget section */
		163C89D921408FD0002B7667 /* Flix */ = {
			isa = PBXNativeTarget;
			buildConfigurationList = 163C8A0221408FD2002B7667 /* Build configuration list for PBXNativeTarget "Flix" */;
			buildPhases = (
				163C89D621408FD0002B7667 /* Sources */,
				163C89D721408FD0002B7667 /* Frameworks */,
				163C89D821408FD0002B7667 /* Resources */,
			);
			buildRules = (
			);
			dependencies = (
			);
			name = Flix;
			productName = Flix;
			productReference = 163C89DA21408FD0002B7667 /* Flix.app */;
			productType = "com.apple.product-type.application";
		};
		163C89ED21408FD2002B7667 /* FlixTests */ = {
			isa = PBXNativeTarget;
			buildConfigurationList = 163C8A0521408FD2002B7667 /* Build configuration list for PBXNativeTarget "FlixTests" */;
			buildPhases = (
				163C89EA21408FD2002B7667 /* Sources */,
				163C89EB21408FD2002B7667 /* Frameworks */,
				163C89EC21408FD2002B7667 /* Resources */,
			);
			buildRules = (
			);
			dependencies = (
				163C89F021408FD2002B7667 /* PBXTargetDependency */,
			);
			name = FlixTests;
			productName = FlixTests;
			productReference = 163C89EE21408FD2002B7667 /* FlixTests.xctest */;
			productType = "com.apple.product-type.bundle.unit-test";
		};
		163C89F821408FD2002B7667 /* FlixUITests */ = {
			isa = PBXNativeTarget;
			buildConfigurationList = 163C8A0821408FD2002B7667 /* Build configuration list for PBXNativeTarget "FlixUITests" */;
			buildPhases = (
				163C89F521408FD2002B7667 /* Sources */,
				163C89F621408FD2002B7667 /* Frameworks */,
				163C89F721408FD2002B7667 /* Resources */,
			);
			buildRules = (
			);
			dependencies = (
				163C89FB21408FD2002B7667 /* PBXTargetDependency */,
			);
			name = FlixUITests;
			productName = FlixUITests;
			productReference = 163C89F921408FD2002B7667 /* FlixUITests.xctest */;
			productType = "com.apple.product-type.bundle.ui-testing";
		};
/* End PBXNativeTarget section */

/* Begin PBXProject section */
		163C89D221408FD0002B7667 /* Project object */ = {
			isa = PBXProject;
			attributes = {
				LastSwiftUpdateCheck = 0940;
				LastUpgradeCheck = 0940;
				ORGANIZATIONNAME = "Xiaoyi Liu";
				TargetAttributes = {
					163C89D921408FD0002B7667 = {
						CreatedOnToolsVersion = 9.4.1;
					};
					163C89ED21408FD2002B7667 = {
						CreatedOnToolsVersion = 9.4.1;
						TestTargetID = 163C89D921408FD0002B7667;
					};
					163C89F821408FD2002B7667 = {
						CreatedOnToolsVersion = 9.4.1;
						TestTargetID = 163C89D921408FD0002B7667;
					};
				};
			};
			buildConfigurationList = 163C89D521408FD0002B7667 /* Build configuration list for PBXProject "Flix" */;
			compatibilityVersion = "Xcode 9.3";
			developmentRegion = en;
			hasScannedForEncodings = 0;
			knownRegions = (
				en,
				Base,
			);
			mainGroup = 163C89D121408FD0002B7667;
			productRefGroup = 163C89DB21408FD0002B7667 /* Products */;
			projectDirPath = "";
			projectRoot = "";
			targets = (
				163C89D921408FD0002B7667 /* Flix */,
				163C89ED21408FD2002B7667 /* FlixTests */,
				163C89F821408FD2002B7667 /* FlixUITests */,
			);
		};
/* End PBXProject section */

/* Begin PBXResourcesBuildPhase section */
		163C89D821408FD0002B7667 /* Resources */ = {
			isa = PBXResourcesBuildPhase;
			buildActionMask = 2147483647;
			files = (
				163C89E821408FD1002B7667 /* LaunchScreen.storyboard in Resources */,
				163C89E521408FD1002B7667 /* Assets.xcassets in Resources */,
				163C89E321408FD0002B7667 /* Main.storyboard in Resources */,
			);
			runOnlyForDeploymentPostprocessing = 0;
		};
		163C89EC21408FD2002B7667 /* Resources */ = {
			isa = PBXResourcesBuildPhase;
			buildActionMask = 2147483647;
			files = (
			);
			runOnlyForDeploymentPostprocessing = 0;
		};
		163C89F721408FD2002B7667 /* Resources */ = {
			isa = PBXResourcesBuildPhase;
			buildActionMask = 2147483647;
			files = (
			);
			runOnlyForDeploymentPostprocessing = 0;
		};
/* End PBXResourcesBuildPhase section */

/* Begin PBXSourcesBuildPhase section */
		163C89D621408FD0002B7667 /* Sources */ = {
			isa = PBXSourcesBuildPhase;
			buildActionMask = 2147483647;
			files = (
				163C89E021408FD0002B7667 /* ViewController.swift in Sources */,
				163C89DE21408FD0002B7667 /* AppDelegate.swift in Sources */,
			);
			runOnlyForDeploymentPostprocessing = 0;
		};
		163C89EA21408FD2002B7667 /* Sources */ = {
			isa = PBXSourcesBuildPhase;
			buildActionMask = 2147483647;
			files = (
				163C89F321408FD2002B7667 /* FlixTests.swift in Sources */,
			);
			runOnlyForDeploymentPostprocessing = 0;
		};
		163C89F521408FD2002B7667 /* Sources */ = {
			isa = PBXSourcesBuildPhase;
			buildActionMask = 2147483647;
			files = (
				163C89FE21408FD2002B7667 /* FlixUITests.swift in Sources */,
			);
			runOnlyForDeploymentPostprocessing = 0;
		};
/* End PBXSourcesBuildPhase section */

/* Begin PBXTargetDependency section */
		163C89F021408FD2002B7667 /* PBXTargetDependency */ = {
			isa = PBXTargetDependency;
			target = 163C89D921408FD0002B7667 /* Flix */;
			targetProxy = 163C89EF21408FD2002B7667 /* PBXContainerItemProxy */;
		};
		163C89FB21408FD2002B7667 /* PBXTargetDependency */ = {
			isa = PBXTargetDependency;
			target = 163C89D921408FD0002B7667 /* Flix */;
			targetProxy = 163C89FA21408FD2002B7667 /* PBXContainerItemProxy */;
		};
/* End PBXTargetDependency section */

/* Begin PBXVariantGroup section */
		163C89E121408FD0002B7667 /* Main.storyboard */ = {
			isa = PBXVariantGroup;
			children = (
				163C89E221408FD0002B7667 /* Base */,
			);
			name = Main.storyboard;
			sourceTree = "<group>";
		};
		163C89E621408FD1002B7667 /* LaunchScreen.storyboard */ = {
			isa = PBXVariantGroup;
			children = (
				163C89E721408FD1002B7667 /* Base */,
			);
			name = LaunchScreen.storyboard;
			sourceTree = "<group>";
		};
/* End PBXVariantGroup section */

/* Begin XCBuildConfiguration section */
		163C8A0021408FD2002B7667 /* Debug */ = {
			isa = XCBuildConfiguration;
			buildSettings = {
				ALWAYS_SEARCH_USER_PATHS = NO;
				CLANG_ANALYZER_NONNULL = YES;
				CLANG_ANALYZER_NUMBER_OBJECT_CONVERSION = YES_AGGRESSIVE;
				CLANG_CXX_LANGUAGE_STANDARD = "gnu++14";
				CLANG_CXX_LIBRARY = "libc++";
				CLANG_ENABLE_MODULES = YES;
				CLANG_ENABLE_OBJC_ARC = YES;
				CLANG_ENABLE_OBJC_WEAK = YES;
				CLANG_WARN_BLOCK_CAPTURE_AUTORELEASING = YES;
				CLANG_WARN_BOOL_CONVERSION = YES;
				CLANG_WARN_COMMA = YES;
				CLANG_WARN_CONSTANT_CONVERSION = YES;
				CLANG_WARN_DEPRECATED_OBJC_IMPLEMENTATIONS = YES;
				CLANG_WARN_DIRECT_OBJC_ISA_USAGE = YES_ERROR;
				CLANG_WARN_DOCUMENTATION_COMMENTS = YES;
				CLANG_WARN_EMPTY_BODY = YES;
				CLANG_WARN_ENUM_CONVERSION = YES;
				CLANG_WARN_INFINITE_RECURSION = YES;
				CLANG_WARN_INT_CONVERSION = YES;
				CLANG_WARN_NON_LITERAL_NULL_CONVERSION = YES;
				CLANG_WARN_OBJC_IMPLICIT_RETAIN_SELF = YES;
				CLANG_WARN_OBJC_LITERAL_CONVERSION = YES;
				CLANG_WARN_OBJC_ROOT_CLASS = YES_ERROR;
				CLANG_WARN_RANGE_LOOP_ANALYSIS = YES;
				CLANG_WARN_STRICT_PROTOTYPES = YES;
				CLANG_WARN_SUSPICIOUS_MOVE = YES;
				CLANG_WARN_UNGUARDED_AVAILABILITY = YES_AGGRESSIVE;
				CLANG_WARN_UNREACHABLE_CODE = YES;
				CLANG_WARN__DUPLICATE_METHOD_MATCH = YES;
				CODE_SIGN_IDENTITY = "iPhone Developer";
				COPY_PHASE_STRIP = NO;
				DEBUG_INFORMATION_FORMAT = dwarf;
				ENABLE_STRICT_OBJC_MSGSEND = YES;
				ENABLE_TESTABILITY = YES;
				GCC_C_LANGUAGE_STANDARD = gnu11;
				GCC_DYNAMIC_NO_PIC = NO;
				GCC_NO_COMMON_BLOCKS = YES;
				GCC_OPTIMIZATION_LEVEL = 0;
				GCC_PREPROCESSOR_DEFINITIONS = (
					"DEBUG=1",
					"$(inherited)",
				);
				GCC_WARN_64_TO_32_BIT_CONVERSION = YES;
				GCC_WARN_ABOUT_RETURN_TYPE = YES_ERROR;
				GCC_WARN_UNDECLARED_SELECTOR = YES;
				GCC_WARN_UNINITIALIZED_AUTOS = YES_AGGRESSIVE;
				GCC_WARN_UNUSED_FUNCTION = YES;
				GCC_WARN_UNUSED_VARIABLE = YES;
				IPHONEOS_DEPLOYMENT_TARGET = 11.4;
				MTL_ENABLE_DEBUG_INFO = YES;
				ONLY_ACTIVE_ARCH = YES;
				SDKROOT = iphoneos;
				SWIFT_ACTIVE_COMPILATION_CONDITIONS = DEBUG;
				SWIFT_OPTIMIZATION_LEVEL = "-Onone";
			};
			name = Debug;
		};
		163C8A0121408FD2002B7667 /* Release */ = {
			isa = XCBuildConfiguration;
			buildSettings = {
				ALWAYS_SEARCH_USER_PATHS = NO;
				CLANG_ANALYZER_NONNULL = YES;
				CLANG_ANALYZER_NUMBER_OBJECT_CONVERSION = YES_AGGRESSIVE;
				CLANG_CXX_LANGUAGE_STANDARD = "gnu++14";
				CLANG_CXX_LIBRARY = "libc++";
				CLANG_ENABLE_MODULES = YES;
				CLANG_ENABLE_OBJC_ARC = YES;
				CLANG_ENABLE_OBJC_WEAK = YES;
				CLANG_WARN_BLOCK_CAPTURE_AUTORELEASING = YES;
				CLANG_WARN_BOOL_CONVERSION = YES;
				CLANG_WARN_COMMA = YES;
				CLANG_WARN_CONSTANT_CONVERSION = YES;
				CLANG_WARN_DEPRECATED_OBJC_IMPLEMENTATIONS = YES;
				CLANG_WARN_DIRECT_OBJC_ISA_USAGE = YES_ERROR;
				CLANG_WARN_DOCUMENTATION_COMMENTS = YES;
				CLANG_WARN_EMPTY_BODY = YES;
				CLANG_WARN_ENUM_CONVERSION = YES;
				CLANG_WARN_INFINITE_RECURSION = YES;
				CLANG_WARN_INT_CONVERSION = YES;
				CLANG_WARN_NON_LITERAL_NULL_CONVERSION = YES;
				CLANG_WARN_OBJC_IMPLICIT_RETAIN_SELF = YES;
				CLANG_WARN_OBJC_LITERAL_CONVERSION = YES;
				CLANG_WARN_OBJC_ROOT_CLASS = YES_ERROR;
				CLANG_WARN_RANGE_LOOP_ANALYSIS = YES;
				CLANG_WARN_STRICT_PROTOTYPES = YES;
				CLANG_WARN_SUSPICIOUS_MOVE = YES;
				CLANG_WARN_UNGUARDED_AVAILABILITY = YES_AGGRESSIVE;
				CLANG_WARN_UNREACHABLE_CODE = YES;
				CLANG_WARN__DUPLICATE_METHOD_MATCH = YES;
				CODE_SIGN_IDENTITY = "iPhone Developer";
				COPY_PHASE_STRIP = NO;
				DEBUG_INFORMATION_FORMAT = "dwarf-with-dsym";
				ENABLE_NS_ASSERTIONS = NO;
				ENABLE_STRICT_OBJC_MSGSEND = YES;
				GCC_C_LANGUAGE_STANDARD = gnu11;
				GCC_NO_COMMON_BLOCKS = YES;
				GCC_WARN_64_TO_32_BIT_CONVERSION = YES;
				GCC_WARN_ABOUT_RETURN_TYPE = YES_ERROR;
				GCC_WARN_UNDECLARED_SELECTOR = YES;
				GCC_WARN_UNINITIALIZED_AUTOS = YES_AGGRESSIVE;
				GCC_WARN_UNUSED_FUNCTION = YES;
				GCC_WARN_UNUSED_VARIABLE = YES;
				IPHONEOS_DEPLOYMENT_TARGET = 11.4;
				MTL_ENABLE_DEBUG_INFO = NO;
				SDKROOT = iphoneos;
				SWIFT_COMPILATION_MODE = wholemodule;
				SWIFT_OPTIMIZATION_LEVEL = "-O";
				VALIDATE_PRODUCT = YES;
			};
			name = Release;
		};
		163C8A0321408FD2002B7667 /* Debug */ = {
			isa = XCBuildConfiguration;
			buildSettings = {
				ASSETCATALOG_COMPILER_APPICON_NAME = AppIcon;
				CODE_SIGN_STYLE = Automatic;
				INFOPLIST_FILE = Flix/Info.plist;
				LD_RUNPATH_SEARCH_PATHS = (
					"$(inherited)",
					"@executable_path/Frameworks",
				);
				PRODUCT_BUNDLE_IDENTIFIER = bin.Flix;
				PRODUCT_NAME = "$(TARGET_NAME)";
				SWIFT_VERSION = 4.0;
				TARGETED_DEVICE_FAMILY = 1;
			};
			name = Debug;
		};
		163C8A0421408FD2002B7667 /* Release */ = {
			isa = XCBuildConfiguration;
			buildSettings = {
				ASSETCATALOG_COMPILER_APPICON_NAME = AppIcon;
				CODE_SIGN_STYLE = Automatic;
				INFOPLIST_FILE = Flix/Info.plist;
				LD_RUNPATH_SEARCH_PATHS = (
					"$(inherited)",
					"@executable_path/Frameworks",
				);
				PRODUCT_BUNDLE_IDENTIFIER = bin.Flix;
				PRODUCT_NAME = "$(TARGET_NAME)";
				SWIFT_VERSION = 4.0;
				TARGETED_DEVICE_FAMILY = 1;
			};
			name = Release;
		};
		163C8A0621408FD2002B7667 /* Debug */ = {
			isa = XCBuildConfiguration;
			buildSettings = {
				ALWAYS_EMBED_SWIFT_STANDARD_LIBRARIES = YES;
				BUNDLE_LOADER = "$(TEST_HOST)";
				CODE_SIGN_STYLE = Automatic;
				INFOPLIST_FILE = FlixTests/Info.plist;
				LD_RUNPATH_SEARCH_PATHS = (
					"$(inherited)",
					"@executable_path/Frameworks",
					"@loader_path/Frameworks",
				);
				PRODUCT_BUNDLE_IDENTIFIER = bin.FlixTests;
				PRODUCT_NAME = "$(TARGET_NAME)";
				SWIFT_VERSION = 4.0;
				TARGETED_DEVICE_FAMILY = "1,2";
				TEST_HOST = "$(BUILT_PRODUCTS_DIR)/Flix.app/Flix";
			};
			name = Debug;
		};
		163C8A0721408FD2002B7667 /* Release */ = {
			isa = XCBuildConfiguration;
			buildSettings = {
				ALWAYS_EMBED_SWIFT_STANDARD_LIBRARIES = YES;
				BUNDLE_LOADER = "$(TEST_HOST)";
				CODE_SIGN_STYLE = Automatic;
				INFOPLIST_FILE = FlixTests/Info.plist;
				LD_RUNPATH_SEARCH_PATHS = (
					"$(inherited)",
					"@executable_path/Frameworks",
					"@loader_path/Frameworks",
				);
				PRODUCT_BUNDLE_IDENTIFIER = bin.FlixTests;
				PRODUCT_NAME = "$(TARGET_NAME)";
				SWIFT_VERSION = 4.0;
				TARGETED_DEVICE_FAMILY = "1,2";
				TEST_HOST = "$(BUILT_PRODUCTS_DIR)/Flix.app/Flix";
			};
			name = Release;
		};
		163C8A0921408FD2002B7667 /* Debug */ = {
			isa = XCBuildConfiguration;
			buildSettings = {
				ALWAYS_EMBED_SWIFT_STANDARD_LIBRARIES = YES;
				CODE_SIGN_STYLE = Automatic;
				INFOPLIST_FILE = FlixUITests/Info.plist;
				LD_RUNPATH_SEARCH_PATHS = (
					"$(inherited)",
					"@executable_path/Frameworks",
					"@loader_path/Frameworks",
				);
				PRODUCT_BUNDLE_IDENTIFIER = bin.FlixUITests;
				PRODUCT_NAME = "$(TARGET_NAME)";
				SWIFT_VERSION = 4.0;
				TARGETED_DEVICE_FAMILY = "1,2";
				TEST_TARGET_NAME = Flix;
			};
			name = Debug;
		};
		163C8A0A21408FD2002B7667 /* Release */ = {
			isa = XCBuildConfiguration;
			buildSettings = {
				ALWAYS_EMBED_SWIFT_STANDARD_LIBRARIES = YES;
				CODE_SIGN_STYLE = Automatic;
				INFOPLIST_FILE = FlixUITests/Info.plist;
				LD_RUNPATH_SEARCH_PATHS = (
					"$(inherited)",
					"@executable_path/Frameworks",
					"@loader_path/Frameworks",
				);
				PRODUCT_BUNDLE_IDENTIFIER = bin.FlixUITests;
				PRODUCT_NAME = "$(TARGET_NAME)";
				SWIFT_VERSION = 4.0;
				TARGETED_DEVICE_FAMILY = "1,2";
				TEST_TARGET_NAME = Flix;
			};
			name = Release;
		};
/* End XCBuildConfiguration section */

/* Begin XCConfigurationList section */
		163C89D521408FD0002B7667 /* Build configuration list for PBXProject "Flix" */ = {
			isa = XCConfigurationList;
			buildConfigurations = (
				163C8A0021408FD2002B7667 /* Debug */,
				163C8A0121408FD2002B7667 /* Release */,
			);
			defaultConfigurationIsVisible = 0;
			defaultConfigurationName = Release;
		};
		163C8A0221408FD2002B7667 /* Build configuration list for PBXNativeTarget "Flix" */ = {
			isa = XCConfigurationList;
			buildConfigurations = (
				163C8A0321408FD2002B7667 /* Debug */,
				163C8A0421408FD2002B7667 /* Release */,
			);
			defaultConfigurationIsVisible = 0;
			defaultConfigurationName = Release;
		};
		163C8A0521408FD2002B7667 /* Build configuration list for PBXNativeTarget "FlixTests" */ = {
			isa = XCConfigurationList;
			buildConfigurations = (
				163C8A0621408FD2002B7667 /* Debug */,
				163C8A0721408FD2002B7667 /* Release */,
			);
			defaultConfigurationIsVisible = 0;
			defaultConfigurationName = Release;
		};
		163C8A0821408FD2002B7667 /* Build configuration list for PBXNativeTarget "FlixUITests" */ = {
			isa = XCConfigurationList;
			buildConfigurations = (
				163C8A0921408FD2002B7667 /* Debug */,
				163C8A0A21408FD2002B7667 /* Release */,
			);
			defaultConfigurationIsVisible = 0;
			defaultConfigurationName = Release;
		};
/* End XCConfigurationList section */
	};
	rootObject = 163C89D221408FD0002B7667 /* Project object */;
}
